{
  "name": "ts",
  "lockfileVersion": 3,
  "requires": true,
  "packages": {
    "": {
      "dependencies": {
        "@types/better-sqlite3": "^7.6.8"
      },
      "devDependencies": {
        "@types/node": "^20.11.5"
      }
    },
    "node_modules/@types/better-sqlite3": {
      "version": "7.6.8",
      "resolved": "https://registry.npmmirror.com/@types/better-sqlite3/-/better-sqlite3-7.6.8.tgz",
      "integrity": "sha512-ASndM4rdGrzk7iXXqyNC4fbwt4UEjpK0i3j4q4FyeQrLAthfB6s7EF135ZJE0qQxtKIMFwmyT6x0switET7uIw==",
      "dependencies": {
        "@types/node": "*"
      }
    },
    "node_modules/@types/node": {
      "version": "20.11.5",
      "resolved": "https://registry.npmmirror.com/@types/node/-/node-20.11.5.tgz",
      "integrity": "sha512-g557vgQjUUfN76MZAN/dt1z3dzcUsimuysco0KeluHgrPdJXkP/XdAURgyO2W9fZWHRtRBiVKzKn8vyOAwlG+w==",
      "dependencies": {
        "undici-types": "~5.26.4"
      }
    },
    "node_modules/undici-types": {
      "version": "5.26.5",
      "resolved": "https://registry.npmmirror.com/undici-types/-/undici-types-5.26.5.tgz",
      "integrity": "sha512-JlCMO+ehdEIKqlFxk6IfVoAUVmgz7cU7zD/h9XZ0qzeosSHmUJVOzSQvvYSYWXkFXC+IfLKSIffhv0sVZup6pA=="
    }
  }
}
