{
  "name": "ts",
  "lockfileVersion": 3,
  "requires": true,
  "packages": {
    "": {
      "dependencies": {
        "@types/better-sqlite3": "^7.6.8",
        "@types/js-yaml": "^4.0.9",
        "@types/yaml": "^1.9.7",
        "yaml": "^2.3.4"
      },
      "devDependencies": {
        "@types/node": "^20.11.5"
      }
    },
    "node_modules/@types/better-sqlite3": {
      "version": "7.6.8",
      "resolved": "https://registry.npmmirror.com/@types/better-sqlite3/-/better-sqlite3-7.6.8.tgz",
      "integrity": "sha512-ASndM4rdGrzk7iXXqyNC4fbwt4UEjpK0i3j4q4FyeQrLAthfB6s7EF135ZJE0qQxtKIMFwmyT6x0switET7uIw==",
      "dependencies": {
        "@types/node": "*"
      }
    },
    "node_modules/@types/js-yaml": {
      "version": "4.0.9",
      "resolved": "https://registry.npmmirror.com/@types/js-yaml/-/js-yaml-4.0.9.tgz",
      "integrity": "sha512-k4MGaQl5TGo/iipqb2UDG2UwjXziSWkh0uysQelTlJpX1qGlpUZYm8PnO4DxG1qBomtJUdYJ6qR6xdIah10JLg=="
    },
    "node_modules/@types/node": {
      "version": "20.11.5",
      "resolved": "https://registry.npmmirror.com/@types/node/-/node-20.11.5.tgz",
      "integrity": "sha512-g557vgQjUUfN76MZAN/dt1z3dzcUsimuysco0KeluHgrPdJXkP/XdAURgyO2W9fZWHRtRBiVKzKn8vyOAwlG+w==",
      "dependencies": {
        "undici-types": "~5.26.4"
      }
    },
    "node_modules/@types/yaml": {
      "version": "1.9.7",
      "resolved": "https://registry.npmmirror.com/@types/yaml/-/yaml-1.9.7.tgz",
      "integrity": "sha512-8WMXRDD1D+wCohjfslHDgICd2JtMATZU8CkhH8LVJqcJs6dyYj5TGptzP8wApbmEullGBSsCEzzap73DQ1HJaA==",
      "deprecated": "This is a stub types definition. yaml provides its own type definitions, so you do not need this installed.",
      "dependencies": {
        "yaml": "*"
      }
    },
    "node_modules/undici-types": {
      "version": "5.26.5",
      "resolved": "https://registry.npmmirror.com/undici-types/-/undici-types-5.26.5.tgz",
      "integrity": "sha512-JlCMO+ehdEIKqlFxk6IfVoAUVmgz7cU7zD/h9XZ0qzeosSHmUJVOzSQvvYSYWXkFXC+IfLKSIffhv0sVZup6pA=="
    },
    "node_modules/yaml": {
      "version": "2.3.4",
      "resolved": "https://registry.npmmirror.com/yaml/-/yaml-2.3.4.tgz",
      "integrity": "sha512-8aAvwVUSHpfEqTQ4w/KMlf3HcRdt50E5ODIQJBw1fQ5RL34xabzxtUlzTXVqc4rkZsPbvrXKWnABCD7kWSmocA==",
      "engines": {
        "node": ">= 14"
      }
    }
  }
}
